
Microsoft Visual Studio Solution File, Format Version 12.00
# Visual Studio Version 16
VisualStudioVersion = 16.0.29519.181
MinimumVisualStudioVersion = 10.0.40219.1
Project("{9A19103F-16F7-4668-BE54-9A1E7A4F7556}") = "dimorphics_dataset", "dimorphics_dataset\dimorphics_dataset.csproj", "{1C001CF0-4E10-4425-84B0-49B030F41440}"
EndProject
Project("{9A19103F-16F7-4668-BE54-9A1E7A4F7556}") = "peptides_server", "peptides_server\peptides_server.csproj", "{D4E93F42-85D8-4BC3-A41B-FEB9F9D6910B}"
EndProject
Project("{9A19103F-16F7-4668-BE54-9A1E7A4F7556}") = "protr_server", "protr_server\protr_server.csproj", "{A601B791-04AC-40F2-8E52-3E922DB12069}"
EndProject
Global
	GlobalSection(SolutionConfigurationPlatforms) = preSolution
		Debug|x64 = Debug|x64
		Release|x64 = Release|x64
	EndGlobalSection
	GlobalSection(ProjectConfigurationPlatforms) = postSolution
		{1C001CF0-4E10-4425-84B0-49B030F41440}.Debug|x64.ActiveCfg = Debug|x64
		{1C001CF0-4E10-4425-84B0-49B030F41440}.Debug|x64.Build.0 = Debug|x64
		{1C001CF0-4E10-4425-84B0-49B030F41440}.Release|x64.ActiveCfg = Release|x64
		{1C001CF0-4E10-4425-84B0-49B030F41440}.Release|x64.Build.0 = Release|x64
		{D4E93F42-85D8-4BC3-A41B-FEB9F9D6910B}.Debug|x64.ActiveCfg = Debug|x64
		{D4E93F42-85D8-4BC3-A41B-FEB9F9D6910B}.Debug|x64.Build.0 = Debug|x64
		{D4E93F42-85D8-4BC3-A41B-FEB9F9D6910B}.Release|x64.ActiveCfg = Release|x64
		{D4E93F42-85D8-4BC3-A41B-FEB9F9D6910B}.Release|x64.Build.0 = Release|x64
		{A601B791-04AC-40F2-8E52-3E922DB12069}.Debug|x64.ActiveCfg = Debug|x64
		{A601B791-04AC-40F2-8E52-3E922DB12069}.Debug|x64.Build.0 = Debug|x64
		{A601B791-04AC-40F2-8E52-3E922DB12069}.Release|x64.ActiveCfg = Release|x64
		{A601B791-04AC-40F2-8E52-3E922DB12069}.Release|x64.Build.0 = Release|x64
	EndGlobalSection
	GlobalSection(SolutionProperties) = preSolution
		HideSolutionNode = FALSE
	EndGlobalSection
	GlobalSection(ExtensibilityGlobals) = postSolution
		SolutionGuid = {91CDED22-BE89-4C8D-82AD-D8BFC49C64AA}
	EndGlobalSection
EndGlobal
